// !$*UTF8*$!
{
	archiveVersion = 1;
	classes = {
	};
	objectVersion = 50;
	objects = {

/* Begin PBXBuildFile section */
		D17467F120DAA3530092189D /* AppDelegate.swift in Sources */ = {isa = PBXBuildFile; fileRef = D17467F020DAA3530092189D /* AppDelegate.swift */; };
		D17467F320DAA3530092189D /* CalculatorVC.swift in Sources */ = {isa = PBXBuildFile; fileRef = D17467F220DAA3530092189D /* CalculatorVC.swift */; };
		D17467F620DAA3530092189D /* Main.storyboard in Resources */ = {isa = PBXBuildFile; fileRef = D17467F420DAA3530092189D /* Main.storyboard */; };
		D17467F820DAA3550092189D /* Assets.xcassets in Resources */ = {isa = PBXBuildFile; fileRef = D17467F720DAA3550092189D /* Assets.xcassets */; };
		D17467FB20DAA3550092189D /* LaunchScreen.storyboard in Resources */ = {isa = PBXBuildFile; fileRef = D17467F920DAA3550092189D /* LaunchScreen.storyboard */; };
		D174680320DAA4160092189D /* btn.wav in Resources */ = {isa = PBXBuildFile; fileRef = D174680220DAA4160092189D /* btn.wav */; };
		D174680520DAB5550092189D /* Minecrafter.Reg.ttf in Resources */ = {isa = PBXBuildFile; fileRef = D174680420DAB5540092189D /* Minecrafter.Reg.ttf */; };
/* End PBXBuildFile section */

/* Begin PBXFileReference section */
		D17467ED20DAA3530092189D /* RetroCalculatorV1.app */ = {isa = PBXFileReference; explicitFileType = wrapper.application; includeInIndex = 0; path = RetroCalculatorV1.app; sourceTree = BUILT_PRODUCTS_DIR; };
		D17467F020DAA3530092189D /* AppDelegate.swift */ = {isa = PBXFileReference; lastKnownFileType = sourcecode.swift; path = AppDelegate.swift; sourceTree = "<group>"; };
		D17467F220DAA3530092189D /* CalculatorVC.swift */ = {isa = PBXFileReference; lastKnownFileType = sourcecode.swift; path = CalculatorVC.swift; sourceTree = "<group>"; };
		D17467F520DAA3530092189D /* Base */ = {isa = PBXFileReference; lastKnownFileType = file.storyboard; name = Base; path = Base.lproj/Main.storyboard; sourceTree = "<group>"; };
		D17467F720DAA3550092189D /* Assets.xcassets */ = {isa = PBXFileReference; lastKnownFileType = folder.assetcatalog; path = Assets.xcassets; sourceTree = "<group>"; };
		D17467FA20DAA3550092189D /* Base */ = {isa = PBXFileReference; lastKnownFileType = file.storyboard; name = Base; path = Base.lproj/LaunchScreen.storyboard; sourceTree = "<group>"; };
		D17467FC20DAA3550092189D /* Info.plist */ = {isa = PBXFileReference; lastKnownFileType = text.plist.xml; path = Info.plist; sourceTree = "<group>"; };
		D174680220DAA4160092189D /* btn.wav */ = {isa = PBXFileReference; lastKnownFileType = audio.wav; name = btn.wav; path = ../../../Assets/RetroCalculatorAssets/btn.wav; sourceTree = "<group>"; };
		D174680420DAB5540092189D /* Minecrafter.Reg.ttf */ = {isa = PBXFileReference; lastKnownFileType = file; path = Minecrafter.Reg.ttf; sourceTree = "<group>"; };
/* End PBXFileReference section */

/* Begin PBXFrameworksBuildPhase section */
		D17467EA20DAA3530092189D /* Frameworks */ = {
			isa = PBXFrameworksBuildPhase;
			buildActionMask = 2147483647;
			files = (
			);
			runOnlyForDeploymentPostprocessing = 0;
		};
/* End PBXFrameworksBuildPhase section */

/* Begin PBXGroup section */
		D17467E420DAA3530092189D = {
			isa = PBXGroup;
			children = (
				D17467EF20DAA3530092189D /* RetroCalculatorV1 */,
				D17467EE20DAA3530092189D /* Products */,
			);
			sourceTree = "<group>";
		};
		D17467EE20DAA3530092189D /* Products */ = {
			isa = PBXGroup;
			children = (
				D17467ED20DAA3530092189D /* RetroCalculatorV1.app */,
			);
			name = Products;
			sourceTree = "<group>";
		};
		D17467EF20DAA3530092189D /* RetroCalculatorV1 */ = {
			isa = PBXGroup;
			children = (
				D174680420DAB5540092189D /* Minecrafter.Reg.ttf */,
				D174680220DAA4160092189D /* btn.wav */,
				D17467F020DAA3530092189D /* AppDelegate.swift */,
				D17467F220DAA3530092189D /* CalculatorVC.swift */,
				D17467F420DAA3530092189D /* Main.storyboard */,
				D17467F720DAA3550092189D /* Assets.xcassets */,
				D17467F920DAA3550092189D /* LaunchScreen.storyboard */,
				D17467FC20DAA3550092189D /* Info.plist */,
			);
			path = RetroCalculatorV1;
			sourceTree = "<group>";
		};
/* End PBXGroup section */

/* Begin PBXNativeTarget section */
		D17467EC20DAA3530092189D /* RetroCalculatorV1 */ = {
			isa = PBXNativeTarget;
			buildConfigurationList = D17467FF20DAA3550092189D /* Build configuration list for PBXNativeTarget "RetroCalculatorV1" */;
			buildPhases = (
				D17467E920DAA3530092189D /* Sources */,
				D17467EA20DAA3530092189D /* Frameworks */,
				D17467EB20DAA3530092189D /* Resources */,
			);
			buildRules = (
			);
			dependencies = (
			);
			name = RetroCalculatorV1;
			productName = RetroCalculatorV1;
			productReference = D17467ED20DAA3530092189D /* RetroCalculatorV1.app */;
			productType = "com.apple.product-type.application";
		};
/* End PBXNativeTarget section */

/* Begin PBXProject section */
		D17467E520DAA3530092189D /* Project object */ = {
			isa = PBXProject;
			attributes = {
				LastSwiftUpdateCheck = 0940;
				LastUpgradeCheck = 0940;
				ORGANIZATIONNAME = Kyla;
				TargetAttributes = {
					D17467EC20DAA3530092189D = {
						CreatedOnToolsVersion = 9.4;
					};
				};
			};
			buildConfigurationList = D17467E820DAA3530092189D /* Build configuration list for PBXProject "RetroCalculatorV1" */;
			compatibilityVersion = "Xcode 9.3";
			developmentRegion = en;
			hasScannedForEncodings = 0;
			knownRegions = (
				en,
				Base,
			);
			mainGroup = D17467E420DAA3530092189D;
			productRefGroup = D17467EE20DAA3530092189D /* Products */;
			projectDirPath = "";
			projectRoot = "";
			targets = (
				D17467EC20DAA3530092189D /* RetroCalculatorV1 */,
			);
		};
/* End PBXProject section */

/* Begin PBXResourcesBuildPhase section */
		D17467EB20DAA3530092189D /* Resources */ = {
			isa = PBXResourcesBuildPhase;
			buildActionMask = 2147483647;
			files = (
				D17467FB20DAA3550092189D /* LaunchScreen.storyboard in Resources */,
				D17467F820DAA3550092189D /* Assets.xcassets in Resources */,
				D17467F620DAA3530092189D /* Main.storyboard in Resources */,
				D174680320DAA4160092189D /* btn.wav in Resources */,
				D174680520DAB5550092189D /* Minecrafter.Reg.ttf in Resources */,
			);
			runOnlyForDeploymentPostprocessing = 0;
		};
/* End PBXResourcesBuildPhase section */

/* Begin PBXSourcesBuildPhase section */
		D17467E920DAA3530092189D /* Sources */ = {
			isa = PBXSourcesBuildPhase;
			buildActionMask = 2147483647;
			files = (
				D17467F320DAA3530092189D /* CalculatorVC.swift in Sources */,
				D17467F120DAA3530092189D /* AppDelegate.swift in Sources */,
			);
			runOnlyForDeploymentPostprocessing = 0;
		};
/* End PBXSourcesBuildPhase section */

/* Begin PBXVariantGroup section */
		D17467F420DAA3530092189D /* Main.storyboard */ = {
			isa = PBXVariantGroup;
			children = (
				D17467F520DAA3530092189D /* Base */,
			);
			name = Main.storyboard;
			sourceTree = "<group>";
		};
		D17467F920DAA3550092189D /* LaunchScreen.storyboard */ = {
			isa = PBXVariantGroup;
			children = (
				D17467FA20DAA3550092189D /* Base */,
			);
			name = LaunchScreen.storyboard;
			sourceTree = "<group>";
		};
/* End PBXVariantGroup section */

/* Begin XCBuildConfiguration section */
		D17467FD20DAA3550092189D /* Debug */ = {
			isa = XCBuildConfiguration;
			buildSettings = {
				ALWAYS_SEARCH_USER_PATHS = NO;
				CLANG_ANALYZER_NONNULL = YES;
				CLANG_ANALYZER_NUMBER_OBJECT_CONVERSION = YES_AGGRESSIVE;
				CLANG_CXX_LANGUAGE_STANDARD = "gnu++14";
				CLANG_CXX_LIBRARY = "libc++";
				CLANG_ENABLE_MODULES = YES;
				CLANG_ENABLE_OBJC_ARC = YES;
				CLANG_ENABLE_OBJC_WEAK = YES;
				CLANG_WARN_BLOCK_CAPTURE_AUTORELEASING = YES;
				CLANG_WARN_BOOL_CONVERSION = YES;
				CLANG_WARN_COMMA = YES;
				CLANG_WARN_CONSTANT_CONVERSION = YES;
				CLANG_WARN_DEPRECATED_OBJC_IMPLEMENTATIONS = YES;
				CLANG_WARN_DIRECT_OBJC_ISA_USAGE = YES_ERROR;
				CLANG_WARN_DOCUMENTATION_COMMENTS = YES;
				CLANG_WARN_EMPTY_BODY = YES;
				CLANG_WARN_ENUM_CONVERSION = YES;
				CLANG_WARN_INFINITE_RECURSION = YES;
				CLANG_WARN_INT_CONVERSION = YES;
				CLANG_WARN_NON_LITERAL_NULL_CONVERSION = YES;
				CLANG_WARN_OBJC_IMPLICIT_RETAIN_SELF = YES;
				CLANG_WARN_OBJC_LITERAL_CONVERSION = YES;
				CLANG_WARN_OBJC_ROOT_CLASS = YES_ERROR;
				CLANG_WARN_RANGE_LOOP_ANALYSIS = YES;
				CLANG_WARN_STRICT_PROTOTYPES = YES;
				CLANG_WARN_SUSPICIOUS_MOVE = YES;
				CLANG_WARN_UNGUARDED_AVAILABILITY = YES_AGGRESSIVE;
				CLANG_WARN_UNREACHABLE_CODE = YES;
				CLANG_WARN__DUPLICATE_METHOD_MATCH = YES;
				CODE_SIGN_IDENTITY = "iPhone Developer";
				COPY_PHASE_STRIP = NO;
				DEBUG_INFORMATION_FORMAT = dwarf;
				ENABLE_STRICT_OBJC_MSGSEND = YES;
				ENABLE_TESTABILITY = YES;
				GCC_C_LANGUAGE_STANDARD = gnu11;
				GCC_DYNAMIC_NO_PIC = NO;
				GCC_NO_COMMON_BLOCKS = YES;
				GCC_OPTIMIZATION_LEVEL = 0;
				GCC_PREPROCESSOR_DEFINITIONS = (
					"DEBUG=1",
					"$(inherited)",
				);
				GCC_WARN_64_TO_32_BIT_CONVERSION = YES;
				GCC_WARN_ABOUT_RETURN_TYPE = YES_ERROR;
				GCC_WARN_UNDECLARED_SELECTOR = YES;
				GCC_WARN_UNINITIALIZED_AUTOS = YES_AGGRESSIVE;
				GCC_WARN_UNUSED_FUNCTION = YES;
				GCC_WARN_UNUSED_VARIABLE = YES;
				IPHONEOS_DEPLOYMENT_TARGET = 11.4;
				MTL_ENABLE_DEBUG_INFO = YES;
				ONLY_ACTIVE_ARCH = YES;
				SDKROOT = iphoneos;
				SWIFT_ACTIVE_COMPILATION_CONDITIONS = DEBUG;
				SWIFT_OPTIMIZATION_LEVEL = "-Onone";
			};
			name = Debug;
		};
		D17467FE20DAA3550092189D /* Release */ = {
			isa = XCBuildConfiguration;
			buildSettings = {
				ALWAYS_SEARCH_USER_PATHS = NO;
				CLANG_ANALYZER_NONNULL = YES;
				CLANG_ANALYZER_NUMBER_OBJECT_CONVERSION = YES_AGGRESSIVE;
				CLANG_CXX_LANGUAGE_STANDARD = "gnu++14";
				CLANG_CXX_LIBRARY = "libc++";
				CLANG_ENABLE_MODULES = YES;
				CLANG_ENABLE_OBJC_ARC = YES;
				CLANG_ENABLE_OBJC_WEAK = YES;
				CLANG_WARN_BLOCK_CAPTURE_AUTORELEASING = YES;
				CLANG_WARN_BOOL_CONVERSION = YES;
				CLANG_WARN_COMMA = YES;
				CLANG_WARN_CONSTANT_CONVERSION = YES;
				CLANG_WARN_DEPRECATED_OBJC_IMPLEMENTATIONS = YES;
				CLANG_WARN_DIRECT_OBJC_ISA_USAGE = YES_ERROR;
				CLANG_WARN_DOCUMENTATION_COMMENTS = YES;
				CLANG_WARN_EMPTY_BODY = YES;
				CLANG_WARN_ENUM_CONVERSION = YES;
				CLANG_WARN_INFINITE_RECURSION = YES;
				CLANG_WARN_INT_CONVERSION = YES;
				CLANG_WARN_NON_LITERAL_NULL_CONVERSION = YES;
				CLANG_WARN_OBJC_IMPLICIT_RETAIN_SELF = YES;
				CLANG_WARN_OBJC_LITERAL_CONVERSION = YES;
				CLANG_WARN_OBJC_ROOT_CLASS = YES_ERROR;
				CLANG_WARN_RANGE_LOOP_ANALYSIS = YES;
				CLANG_WARN_STRICT_PROTOTYPES = YES;
				CLANG_WARN_SUSPICIOUS_MOVE = YES;
				CLANG_WARN_UNGUARDED_AVAILABILITY = YES_AGGRESSIVE;
				CLANG_WARN_UNREACHABLE_CODE = YES;
				CLANG_WARN__DUPLICATE_METHOD_MATCH = YES;
				CODE_SIGN_IDENTITY = "iPhone Developer";
				COPY_PHASE_STRIP = NO;
				DEBUG_INFORMATION_FORMAT = "dwarf-with-dsym";
				ENABLE_NS_ASSERTIONS = NO;
				ENABLE_STRICT_OBJC_MSGSEND = YES;
				GCC_C_LANGUAGE_STANDARD = gnu11;
				GCC_NO_COMMON_BLOCKS = YES;
				GCC_WARN_64_TO_32_BIT_CONVERSION = YES;
				GCC_WARN_ABOUT_RETURN_TYPE = YES_ERROR;
				GCC_WARN_UNDECLARED_SELECTOR = YES;
				GCC_WARN_UNINITIALIZED_AUTOS = YES_AGGRESSIVE;
				GCC_WARN_UNUSED_FUNCTION = YES;
				GCC_WARN_UNUSED_VARIABLE = YES;
				IPHONEOS_DEPLOYMENT_TARGET = 11.4;
				MTL_ENABLE_DEBUG_INFO = NO;
				SDKROOT = iphoneos;
				SWIFT_COMPILATION_MODE = wholemodule;
				SWIFT_OPTIMIZATION_LEVEL = "-O";
				VALIDATE_PRODUCT = YES;
			};
			name = Release;
		};
		D174680020DAA3550092189D /* Debug */ = {
			isa = XCBuildConfiguration;
			buildSettings = {
				ASSETCATALOG_COMPILER_APPICON_NAME = AppIcon;
				CODE_SIGN_STYLE = Automatic;
				DEVELOPMENT_TEAM = G4W8G2YXN6;
				INFOPLIST_FILE = RetroCalculatorV1/Info.plist;
				LD_RUNPATH_SEARCH_PATHS = (
					"$(inherited)",
					"@executable_path/Frameworks",
				);
				PRODUCT_BUNDLE_IDENTIFIER = Kyla.RetroCalculatorV1;
				PRODUCT_NAME = "$(TARGET_NAME)";
				SWIFT_VERSION = 4.0;
				TARGETED_DEVICE_FAMILY = "1,2";
			};
			name = Debug;
		};
		D174680120DAA3550092189D /* Release */ = {
			isa = XCBuildConfiguration;
			buildSettings = {
				ASSETCATALOG_COMPILER_APPICON_NAME = AppIcon;
				CODE_SIGN_STYLE = Automatic;
				DEVELOPMENT_TEAM = G4W8G2YXN6;
				INFOPLIST_FILE = RetroCalculatorV1/Info.plist;
				LD_RUNPATH_SEARCH_PATHS = (
					"$(inherited)",
					"@executable_path/Frameworks",
				);
				PRODUCT_BUNDLE_IDENTIFIER = Kyla.RetroCalculatorV1;
				PRODUCT_NAME = "$(TARGET_NAME)";
				SWIFT_VERSION = 4.0;
				TARGETED_DEVICE_FAMILY = "1,2";
			};
			name = Release;
		};
/* End XCBuildConfiguration section */

/* Begin XCConfigurationList section */
		D17467E820DAA3530092189D /* Build configuration list for PBXProject "RetroCalculatorV1" */ = {
			isa = XCConfigurationList;
			buildConfigurations = (
				D17467FD20DAA3550092189D /* Debug */,
				D17467FE20DAA3550092189D /* Release */,
			);
			defaultConfigurationIsVisible = 0;
			defaultConfigurationName = Release;
		};
		D17467FF20DAA3550092189D /* Build configuration list for PBXNativeTarget "RetroCalculatorV1" */ = {
			isa = XCConfigurationList;
			buildConfigurations = (
				D174680020DAA3550092189D /* Debug */,
				D174680120DAA3550092189D /* Release */,
			);
			defaultConfigurationIsVisible = 0;
			defaultConfigurationName = Release;
		};
/* End XCConfigurationList section */
	};
	rootObject = D17467E520DAA3530092189D /* Project object */;
}
